
Microsoft Visual Studio Solution File, Format Version 12.00
# Visual Studio 15
VisualStudioVersion = 15.0.28307.421
MinimumVisualStudioVersion = 10.0.40219.1
Project("{FAE04EC0-301F-11D3-BF4B-00C04F79EFBC}") = "AWorldDestroyed", "AWorldDestroyed\AWorldDestroyed.csproj", "{93677689-51D0-430C-B704-97A96CADC5D5}"
EndProject
Global
	GlobalSection(SolutionConfigurationPlatforms) = preSolution
		Debug|Any CPU = Debug|Any CPU
		Release|Any CPU = Release|Any CPU
	EndGlobalSection
	GlobalSection(ProjectConfigurationPlatforms) = postSolution
		{93677689-51D0-430C-B704-97A96CADC5D5}.Debug|Any CPU.ActiveCfg = Debug|Any CPU
		{93677689-51D0-430C-B704-97A96CADC5D5}.Debug|Any CPU.Build.0 = Debug|Any CPU
		{93677689-51D0-430C-B704-97A96CADC5D5}.Release|Any CPU.ActiveCfg = Release|Any CPU
		{93677689-51D0-430C-B704-97A96CADC5D5}.Release|Any CPU.Build.0 = Release|Any CPU
	EndGlobalSection
	GlobalSection(SolutionProperties) = preSolution
		HideSolutionNode = FALSE
	EndGlobalSection
	GlobalSection(ExtensibilityGlobals) = postSolution
		SolutionGuid = {6096930A-C761-4078-87F0-520CF5772971}
	EndGlobalSection
EndGlobal
